
Microsoft Visual Studio Solution File, Format Version 12.00
# Visual Studio Version 16
VisualStudioVersion = 16.0.29306.81
MinimumVisualStudioVersion = 10.0.40219.1
Project("{2150E333-8FDC-42A3-9474-1A3956D46DE8}") = "Build", "Build", "{73D6D032-1D9C-4CA7-98FB-19060055DD6F}"
	ProjectSection(SolutionItems) = preProject
		Directory.Build.props = Directory.Build.props
		Directory.Build.targets = Directory.Build.targets
	EndProjectSection
EndProject
Project("{2150E333-8FDC-42A3-9474-1A3956D46DE8}") = "Core", "Core", "{E82B9C4A-7B06-4056-9AD0-0B348A23E95A}"
EndProject
Project("{9A19103F-16F7-4668-BE54-9A1E7A4F7556}") = "Triton", "Core\Triton\Triton.csproj", "{E47D5A87-1A18-4E80-8F4B-B336D403BB11}"
EndProject
Project("{2150E333-8FDC-42A3-9474-1A3956D46DE8}") = "Targets", "Targets", "{7DE3C125-1918-4145-828F-D613650993F2}"
	ProjectSection(SolutionItems) = preProject
		Targets\BuildPaths.props = Targets\BuildPaths.props
		Targets\CompileOptions.targets = Targets\CompileOptions.targets
		Targets\Components.targets = Targets\Components.targets
		Targets\GlobalDirectives.targets = Targets\GlobalDirectives.targets
		Targets\PackageInfo.props = Targets\PackageInfo.props
		Targets\Packages.targets = Targets\Packages.targets
		Targets\PackageVersion.props = Targets\PackageVersion.props
		Targets\Publish.targets = Targets\Publish.targets
		Targets\Triton.xsd = Targets\Triton.xsd
	EndProjectSection
EndProject
Project("{2150E333-8FDC-42A3-9474-1A3956D46DE8}") = "Tests", "Tests", "{3344971D-A100-47A5-A94C-5AD7556909BF}"
EndProject
Project("{9A19103F-16F7-4668-BE54-9A1E7A4F7556}") = "TritonTests", "Tests\TritonTests\TritonTests.csproj", "{122263C3-53A2-4F57-BF56-691212025516}"
EndProject
Project("{2150E333-8FDC-42A3-9474-1A3956D46DE8}") = "Bundles", "Bundles", "{AF055A8A-93F0-4BBD-8025-47B7108AFAB2}"
EndProject
Project("{9A19103F-16F7-4668-BE54-9A1E7A4F7556}") = "Triton.Tests.Common", "Tests\Triton.Tests.Common\Triton.Tests.Common.csproj", "{0EB56D1B-50BE-4C52-AB26-67EE807299C2}"
EndProject
Project("{9A19103F-16F7-4668-BE54-9A1E7A4F7556}") = "Triton.Faker", "Bundles\Triton.Faker\Triton.Faker.csproj", "{174E892F-0BC2-4092-8645-A40583933477}"
EndProject
Project("{9A19103F-16F7-4668-BE54-9A1E7A4F7556}") = "Triton.Diagnostics", "Bundles\Triton.Diagnostics\Triton.Diagnostics.csproj", "{B01D6263-DDD7-47B5-9E79-198F1A9CDA3F}"
EndProject
Project("{9A19103F-16F7-4668-BE54-9A1E7A4F7556}") = "Triton.CrudNotify", "Bundles\Triton.CrudNotify\Triton.CrudNotify.csproj", "{7E54D64F-13A3-470E-A7D7-1D4ED9751446}"
EndProject
Project("{2150E333-8FDC-42A3-9474-1A3956D46DE8}") = "Extras", "Extras", "{866790F1-898D-4EFE-98CB-7019F72D6C35}"
EndProject
Project("{2150E333-8FDC-42A3-9474-1A3956D46DE8}") = "RelayBaron", "RelayBaron", "{221F9EF5-4751-46C6-8448-58C01B8A6C36}"
EndProject
Project("{9A19103F-16F7-4668-BE54-9A1E7A4F7556}") = "RelayBaron.Server", "Extras\RelayBaron\RelayBaron.Server\RelayBaron.Server.csproj", "{D000C695-2B12-4D34-AE39-94D7C0EE13A4}"
EndProject
Project("{2150E333-8FDC-42A3-9474-1A3956D46DE8}") = "Clients", "Clients", "{D7131B96-202D-46EE-A490-C01C7A7A1B12}"
	ProjectSection(SolutionItems) = preProject
		Clients\Directory.Build.targets = Clients\Directory.Build.targets
	EndProjectSection
EndProject
Project("{9A19103F-16F7-4668-BE54-9A1E7A4F7556}") = "Triton.Ui", "Core\TritonUi\Triton.Ui.csproj", "{B90CBE29-C14A-451E-B967-1EEE3DA048F3}"
EndProject
Project("{2150E333-8FDC-42A3-9474-1A3956D46DE8}") = "Examples", "Examples", "{B9B969C1-B018-49B6-B041-39F499AAF7D7}"
EndProject
Project("{2150E333-8FDC-42A3-9474-1A3956D46DE8}") = "BookstoreExample", "BookstoreExample", "{B3F4BF0F-093C-4949-89BE-F83094F41AB6}"
EndProject
Project("{9A19103F-16F7-4668-BE54-9A1E7A4F7556}") = "Bookstore", "Examples\BookstoreExample\Bookstore\Bookstore.csproj", "{0EA488AB-FD6F-4B47-962A-82A78A305702}"
EndProject
Project("{9A19103F-16F7-4668-BE54-9A1E7A4F7556}") = "Triton.Discovery", "Bundles\Triton.Discovery\Triton.Discovery.csproj", "{EAF85CFF-100F-4208-8400-CA036F701D99}"
EndProject
Project("{9A19103F-16F7-4668-BE54-9A1E7A4F7556}") = "Triton.CrudGen", "Bundles\Triton.CrudGen\Triton.CrudGen.csproj", "{D490959C-34D2-4FFF-A955-5877E902D45B}"
EndProject
Project("{9A19103F-16F7-4668-BE54-9A1E7A4F7556}") = "BookstoreUi", "Examples\BookstoreExample\BookstoreUi\BookstoreUi.csproj", "{53C5F110-BE68-4D8E-8216-408C27824762}"
EndProject
Project("{2150E333-8FDC-42A3-9474-1A3956D46DE8}") = "Wpf", "Wpf", "{F7D39A51-6793-455A-85BB-50AEA701DB3F}"
EndProject
Project("{2150E333-8FDC-42A3-9474-1A3956D46DE8}") = "Themes", "Themes", "{19F4834E-2A5C-49B3-AE5F-16D390EC1B31}"
EndProject
Project("{9A19103F-16F7-4668-BE54-9A1E7A4F7556}") = "RelayBaron.Client", "Extras\RelayBaron\RelayBaron.Client\RelayBaron.Client.csproj", "{A2DDF46D-6552-4EA0-8BC8-B40D54B6CAC5}"
EndProject
Project("{9A19103F-16F7-4668-BE54-9A1E7A4F7556}") = "RelayBaron.Tests", "Extras\RelayBaron\RelayBaron.Tests\RelayBaron.Tests.csproj", "{F79BC780-5597-4EFC-80B7-E7A13D57BC8B}"
EndProject
Project("{9A19103F-16F7-4668-BE54-9A1E7A4F7556}") = "Triton.Kickstart", "Bundles\Triton.Kickstart\Triton.Kickstart.csproj", "{217F26B5-8C4E-403C-9143-0FDA15D5B331}"
EndProject
Project("{2150E333-8FDC-42A3-9474-1A3956D46DE8}") = "GtkSharp", "GtkSharp", "{5F9909C7-B00C-42B7-B53D-644DC8F64FF7}"
EndProject
Project("{9A19103F-16F7-4668-BE54-9A1E7A4F7556}") = "Triton.Workstation.GtkSharpClient", "Clients\GtkSharp\Triton.Workstation.GtkSharpClient\Triton.Workstation.GtkSharpClient.csproj", "{47E2D5EF-FA40-4D51-A86F-4254C5F3F2DD}"
EndProject
Project("{9A19103F-16F7-4668-BE54-9A1E7A4F7556}") = "Triton.Workstation.WpfClient", "Clients\Wpf\Triton.Workstation.WpfClient\Triton.Workstation.WpfClient.csproj", "{37442BEE-7AAB-46C9-AEBD-C928F519F84C}"
EndProject
Project("{2150E333-8FDC-42A3-9474-1A3956D46DE8}") = "Terminal", "Terminal", "{94E350AA-583D-4899-B01A-C716080C52F6}"
EndProject
Project("{9A19103F-16F7-4668-BE54-9A1E7A4F7556}") = "Triton.Workstation.TermClient", "Clients\Terminal\Triton.Workstation.TermClient\Triton.Workstation.TermClient.csproj", "{C54151FE-1A0F-452F-B03A-283C454C1329}"
EndProject
Project("{9A19103F-16F7-4668-BE54-9A1E7A4F7556}") = "Triton.CrudGen.Wpf", "Clients\Wpf\Triton.CrudGen.Wpf\Triton.CrudGen.Wpf.csproj", "{47D83DD1-465E-4DAC-9269-C8C8C62AEEC9}"
EndProject
Project("{FAE04EC0-301F-11D3-BF4B-00C04F79EFBC}") = "Triton.Models", "Core\Triton.Models\Triton.Models.csproj", "{C5489EA9-48EC-427A-8916-820F2D0A2D0D}"
EndProject
Project("{FAE04EC0-301F-11D3-BF4B-00C04F79EFBC}") = "BookstoreDataLayer", "Examples\BookstoreExample\BookstoreDataLayer\BookstoreDataLayer.csproj", "{66CE8E66-9727-4D64-80B8-77C472D29E56}"
EndProject
Project("{9344BDBB-3E7F-41FC-A0DD-8665D75EE146}") = "Lights", "Clients\Wpf\Themes\Lights\Lights.csproj", "{8594D2AF-AF5E-4E3B-8BBB-DD3A94A8BAEB}"
EndProject
Project("{9344BDBB-3E7F-41FC-A0DD-8665D75EE146}") = "Triton.Workstation.Client", "Clients\Wpf\Triton.Workstation.Client\Triton.Workstation.Client.csproj", "{3FD955D2-5F54-4770-AFB4-7A6FFD2A91D5}"
EndProject
Project("{2150E333-8FDC-42A3-9474-1A3956D46DE8}") = "Cocoa", "Cocoa", "{A4DC34EC-AB9B-4113-94C9-A84F5631EE7E}"
EndProject
Project("{FAE04EC0-301F-11D3-BF4B-00C04F79EFBC}") = "Triton.Workstation.CocoaClient", "Clients\Cocoa\Triton.Workstation.CocoaClient\Triton.Workstation.CocoaClient.csproj", "{51DBD452-AAAB-4D70-8129-197FC924A67A}"
EndProject
Global
	GlobalSection(SolutionConfigurationPlatforms) = preSolution
		Build-Release|Any CPU = Build-Release|Any CPU
		Debug|Any CPU = Debug|Any CPU
		Debug-Publish|Any CPU = Debug-Publish|Any CPU
		Debug-PublishLocal|Any CPU = Debug-PublishLocal|Any CPU
		Release|Any CPU = Release|Any CPU
		Release-Windows|Any CPU = Release-Windows|Any CPU
	EndGlobalSection
	GlobalSection(ProjectConfigurationPlatforms) = postSolution
		{E47D5A87-1A18-4E80-8F4B-B336D403BB11}.Build-Release|Any CPU.ActiveCfg = Release|Any CPU
		{E47D5A87-1A18-4E80-8F4B-B336D403BB11}.Build-Release|Any CPU.Build.0 = Release|Any CPU
		{E47D5A87-1A18-4E80-8F4B-B336D403BB11}.Debug|Any CPU.ActiveCfg = Debug|Any CPU
		{E47D5A87-1A18-4E80-8F4B-B336D403BB11}.Debug|Any CPU.Build.0 = Debug|Any CPU
		{E47D5A87-1A18-4E80-8F4B-B336D403BB11}.Debug-Publish|Any CPU.ActiveCfg = Debug-Publish|Any CPU
		{E47D5A87-1A18-4E80-8F4B-B336D403BB11}.Debug-Publish|Any CPU.Build.0 = Debug-Publish|Any CPU
		{E47D5A87-1A18-4E80-8F4B-B336D403BB11}.Debug-PublishLocal|Any CPU.ActiveCfg = Debug-PublishLocal|Any CPU
		{E47D5A87-1A18-4E80-8F4B-B336D403BB11}.Debug-PublishLocal|Any CPU.Build.0 = Debug-PublishLocal|Any CPU
		{E47D5A87-1A18-4E80-8F4B-B336D403BB11}.Release|Any CPU.ActiveCfg = Release|Any CPU
		{E47D5A87-1A18-4E80-8F4B-B336D403BB11}.Release|Any CPU.Build.0 = Release|Any CPU
		{E47D5A87-1A18-4E80-8F4B-B336D403BB11}.Release-Windows|Any CPU.ActiveCfg = Release|Any CPU
		{E47D5A87-1A18-4E80-8F4B-B336D403BB11}.Release-Windows|Any CPU.Build.0 = Release|Any CPU
		{122263C3-53A2-4F57-BF56-691212025516}.Build-Release|Any CPU.ActiveCfg = Release|Any CPU
		{122263C3-53A2-4F57-BF56-691212025516}.Debug|Any CPU.ActiveCfg = Debug|Any CPU
		{122263C3-53A2-4F57-BF56-691212025516}.Debug|Any CPU.Build.0 = Debug|Any CPU
		{122263C3-53A2-4F57-BF56-691212025516}.Debug-Publish|Any CPU.ActiveCfg = Debug-Publish|Any CPU
		{122263C3-53A2-4F57-BF56-691212025516}.Debug-Publish|Any CPU.Build.0 = Debug-Publish|Any CPU
		{122263C3-53A2-4F57-BF56-691212025516}.Debug-PublishLocal|Any CPU.ActiveCfg = Debug-PublishLocal|Any CPU
		{122263C3-53A2-4F57-BF56-691212025516}.Debug-PublishLocal|Any CPU.Build.0 = Debug-PublishLocal|Any CPU
		{122263C3-53A2-4F57-BF56-691212025516}.Release|Any CPU.ActiveCfg = Release|Any CPU
		{122263C3-53A2-4F57-BF56-691212025516}.Release|Any CPU.Build.0 = Release|Any CPU
		{122263C3-53A2-4F57-BF56-691212025516}.Release-Windows|Any CPU.ActiveCfg = Release|Any CPU
		{122263C3-53A2-4F57-BF56-691212025516}.Release-Windows|Any CPU.Build.0 = Release|Any CPU
		{0EB56D1B-50BE-4C52-AB26-67EE807299C2}.Build-Release|Any CPU.ActiveCfg = Release|Any CPU
		{0EB56D1B-50BE-4C52-AB26-67EE807299C2}.Debug|Any CPU.ActiveCfg = Debug|Any CPU
		{0EB56D1B-50BE-4C52-AB26-67EE807299C2}.Debug|Any CPU.Build.0 = Debug|Any CPU
		{0EB56D1B-50BE-4C52-AB26-67EE807299C2}.Debug-Publish|Any CPU.ActiveCfg = Debug-Publish|Any CPU
		{0EB56D1B-50BE-4C52-AB26-67EE807299C2}.Debug-Publish|Any CPU.Build.0 = Debug-Publish|Any CPU
		{0EB56D1B-50BE-4C52-AB26-67EE807299C2}.Debug-PublishLocal|Any CPU.ActiveCfg = Debug-PublishLocal|Any CPU
		{0EB56D1B-50BE-4C52-AB26-67EE807299C2}.Debug-PublishLocal|Any CPU.Build.0 = Debug-PublishLocal|Any CPU
		{0EB56D1B-50BE-4C52-AB26-67EE807299C2}.Release|Any CPU.ActiveCfg = Release|Any CPU
		{0EB56D1B-50BE-4C52-AB26-67EE807299C2}.Release|Any CPU.Build.0 = Release|Any CPU
		{0EB56D1B-50BE-4C52-AB26-67EE807299C2}.Release-Windows|Any CPU.ActiveCfg = Release|Any CPU
		{0EB56D1B-50BE-4C52-AB26-67EE807299C2}.Release-Windows|Any CPU.Build.0 = Release|Any CPU
		{174E892F-0BC2-4092-8645-A40583933477}.Build-Release|Any CPU.ActiveCfg = Release|Any CPU
		{174E892F-0BC2-4092-8645-A40583933477}.Build-Release|Any CPU.Build.0 = Release|Any CPU
		{174E892F-0BC2-4092-8645-A40583933477}.Debug|Any CPU.ActiveCfg = Debug|Any CPU
		{174E892F-0BC2-4092-8645-A40583933477}.Debug|Any CPU.Build.0 = Debug|Any CPU
		{174E892F-0BC2-4092-8645-A40583933477}.Debug-Publish|Any CPU.ActiveCfg = Debug-Publish|Any CPU
		{174E892F-0BC2-4092-8645-A40583933477}.Debug-Publish|Any CPU.Build.0 = Debug-Publish|Any CPU
		{174E892F-0BC2-4092-8645-A40583933477}.Debug-PublishLocal|Any CPU.ActiveCfg = Debug-PublishLocal|Any CPU
		{174E892F-0BC2-4092-8645-A40583933477}.Debug-PublishLocal|Any CPU.Build.0 = Debug-PublishLocal|Any CPU
		{174E892F-0BC2-4092-8645-A40583933477}.Release|Any CPU.ActiveCfg = Release|Any CPU
		{174E892F-0BC2-4092-8645-A40583933477}.Release|Any CPU.Build.0 = Release|Any CPU
		{174E892F-0BC2-4092-8645-A40583933477}.Release-Windows|Any CPU.ActiveCfg = Release|Any CPU
		{174E892F-0BC2-4092-8645-A40583933477}.Release-Windows|Any CPU.Build.0 = Release|Any CPU
		{B01D6263-DDD7-47B5-9E79-198F1A9CDA3F}.Build-Release|Any CPU.ActiveCfg = Release|Any CPU
		{B01D6263-DDD7-47B5-9E79-198F1A9CDA3F}.Build-Release|Any CPU.Build.0 = Release|Any CPU
		{B01D6263-DDD7-47B5-9E79-198F1A9CDA3F}.Debug|Any CPU.ActiveCfg = Debug|Any CPU
		{B01D6263-DDD7-47B5-9E79-198F1A9CDA3F}.Debug|Any CPU.Build.0 = Debug|Any CPU
		{B01D6263-DDD7-47B5-9E79-198F1A9CDA3F}.Debug-Publish|Any CPU.ActiveCfg = Debug-Publish|Any CPU
		{B01D6263-DDD7-47B5-9E79-198F1A9CDA3F}.Debug-Publish|Any CPU.Build.0 = Debug-Publish|Any CPU
		{B01D6263-DDD7-47B5-9E79-198F1A9CDA3F}.Debug-PublishLocal|Any CPU.ActiveCfg = Debug-PublishLocal|Any CPU
		{B01D6263-DDD7-47B5-9E79-198F1A9CDA3F}.Debug-PublishLocal|Any CPU.Build.0 = Debug-PublishLocal|Any CPU
		{B01D6263-DDD7-47B5-9E79-198F1A9CDA3F}.Release|Any CPU.ActiveCfg = Release|Any CPU
		{B01D6263-DDD7-47B5-9E79-198F1A9CDA3F}.Release|Any CPU.Build.0 = Release|Any CPU
		{B01D6263-DDD7-47B5-9E79-198F1A9CDA3F}.Release-Windows|Any CPU.ActiveCfg = Release|Any CPU
		{B01D6263-DDD7-47B5-9E79-198F1A9CDA3F}.Release-Windows|Any CPU.Build.0 = Release|Any CPU
		{7E54D64F-13A3-470E-A7D7-1D4ED9751446}.Build-Release|Any CPU.ActiveCfg = Release|Any CPU
		{7E54D64F-13A3-470E-A7D7-1D4ED9751446}.Build-Release|Any CPU.Build.0 = Release|Any CPU
		{7E54D64F-13A3-470E-A7D7-1D4ED9751446}.Debug|Any CPU.ActiveCfg = Debug|Any CPU
		{7E54D64F-13A3-470E-A7D7-1D4ED9751446}.Debug|Any CPU.Build.0 = Debug|Any CPU
		{7E54D64F-13A3-470E-A7D7-1D4ED9751446}.Debug-Publish|Any CPU.ActiveCfg = Debug-Publish|Any CPU
		{7E54D64F-13A3-470E-A7D7-1D4ED9751446}.Debug-Publish|Any CPU.Build.0 = Debug-Publish|Any CPU
		{7E54D64F-13A3-470E-A7D7-1D4ED9751446}.Debug-PublishLocal|Any CPU.ActiveCfg = Debug-PublishLocal|Any CPU
		{7E54D64F-13A3-470E-A7D7-1D4ED9751446}.Debug-PublishLocal|Any CPU.Build.0 = Debug-PublishLocal|Any CPU
		{7E54D64F-13A3-470E-A7D7-1D4ED9751446}.Release|Any CPU.ActiveCfg = Release|Any CPU
		{7E54D64F-13A3-470E-A7D7-1D4ED9751446}.Release|Any CPU.Build.0 = Release|Any CPU
		{7E54D64F-13A3-470E-A7D7-1D4ED9751446}.Release-Windows|Any CPU.ActiveCfg = Release|Any CPU
		{7E54D64F-13A3-470E-A7D7-1D4ED9751446}.Release-Windows|Any CPU.Build.0 = Release|Any CPU
		{D000C695-2B12-4D34-AE39-94D7C0EE13A4}.Build-Release|Any CPU.ActiveCfg = Release|Any CPU
		{D000C695-2B12-4D34-AE39-94D7C0EE13A4}.Debug|Any CPU.ActiveCfg = Debug|Any CPU
		{D000C695-2B12-4D34-AE39-94D7C0EE13A4}.Debug|Any CPU.Build.0 = Debug|Any CPU
		{D000C695-2B12-4D34-AE39-94D7C0EE13A4}.Debug-Publish|Any CPU.ActiveCfg = Debug-Publish|Any CPU
		{D000C695-2B12-4D34-AE39-94D7C0EE13A4}.Debug-Publish|Any CPU.Build.0 = Debug-Publish|Any CPU
		{D000C695-2B12-4D34-AE39-94D7C0EE13A4}.Debug-PublishLocal|Any CPU.ActiveCfg = Debug-PublishLocal|Any CPU
		{D000C695-2B12-4D34-AE39-94D7C0EE13A4}.Debug-PublishLocal|Any CPU.Build.0 = Debug-PublishLocal|Any CPU
		{D000C695-2B12-4D34-AE39-94D7C0EE13A4}.Release|Any CPU.ActiveCfg = Release|Any CPU
		{D000C695-2B12-4D34-AE39-94D7C0EE13A4}.Release|Any CPU.Build.0 = Release|Any CPU
		{D000C695-2B12-4D34-AE39-94D7C0EE13A4}.Release-Windows|Any CPU.ActiveCfg = Release|Any CPU
		{D000C695-2B12-4D34-AE39-94D7C0EE13A4}.Release-Windows|Any CPU.Build.0 = Release|Any CPU
		{B90CBE29-C14A-451E-B967-1EEE3DA048F3}.Build-Release|Any CPU.ActiveCfg = Release|Any CPU
		{B90CBE29-C14A-451E-B967-1EEE3DA048F3}.Build-Release|Any CPU.Build.0 = Release|Any CPU
		{B90CBE29-C14A-451E-B967-1EEE3DA048F3}.Debug|Any CPU.ActiveCfg = Debug|Any CPU
		{B90CBE29-C14A-451E-B967-1EEE3DA048F3}.Debug|Any CPU.Build.0 = Debug|Any CPU
		{B90CBE29-C14A-451E-B967-1EEE3DA048F3}.Debug-Publish|Any CPU.ActiveCfg = Debug-Publish|Any CPU
		{B90CBE29-C14A-451E-B967-1EEE3DA048F3}.Debug-Publish|Any CPU.Build.0 = Debug-Publish|Any CPU
		{B90CBE29-C14A-451E-B967-1EEE3DA048F3}.Debug-PublishLocal|Any CPU.ActiveCfg = Debug-PublishLocal|Any CPU
		{B90CBE29-C14A-451E-B967-1EEE3DA048F3}.Debug-PublishLocal|Any CPU.Build.0 = Debug-PublishLocal|Any CPU
		{B90CBE29-C14A-451E-B967-1EEE3DA048F3}.Release|Any CPU.ActiveCfg = Release|Any CPU
		{B90CBE29-C14A-451E-B967-1EEE3DA048F3}.Release|Any CPU.Build.0 = Release|Any CPU
		{B90CBE29-C14A-451E-B967-1EEE3DA048F3}.Release-Windows|Any CPU.ActiveCfg = Release|Any CPU
		{B90CBE29-C14A-451E-B967-1EEE3DA048F3}.Release-Windows|Any CPU.Build.0 = Release|Any CPU
		{0EA488AB-FD6F-4B47-962A-82A78A305702}.Build-Release|Any CPU.ActiveCfg = Release|Any CPU
		{0EA488AB-FD6F-4B47-962A-82A78A305702}.Debug|Any CPU.ActiveCfg = Debug|Any CPU
		{0EA488AB-FD6F-4B47-962A-82A78A305702}.Debug|Any CPU.Build.0 = Debug|Any CPU
		{0EA488AB-FD6F-4B47-962A-82A78A305702}.Debug-Publish|Any CPU.ActiveCfg = Debug-Publish|Any CPU
		{0EA488AB-FD6F-4B47-962A-82A78A305702}.Debug-Publish|Any CPU.Build.0 = Debug-Publish|Any CPU
		{0EA488AB-FD6F-4B47-962A-82A78A305702}.Debug-PublishLocal|Any CPU.ActiveCfg = Debug-PublishLocal|Any CPU
		{0EA488AB-FD6F-4B47-962A-82A78A305702}.Debug-PublishLocal|Any CPU.Build.0 = Debug-PublishLocal|Any CPU
		{0EA488AB-FD6F-4B47-962A-82A78A305702}.Release|Any CPU.ActiveCfg = Release|Any CPU
		{0EA488AB-FD6F-4B47-962A-82A78A305702}.Release-Windows|Any CPU.ActiveCfg = Release|Any CPU
		{EAF85CFF-100F-4208-8400-CA036F701D99}.Build-Release|Any CPU.ActiveCfg = Release|Any CPU
		{EAF85CFF-100F-4208-8400-CA036F701D99}.Build-Release|Any CPU.Build.0 = Release|Any CPU
		{EAF85CFF-100F-4208-8400-CA036F701D99}.Debug|Any CPU.ActiveCfg = Debug|Any CPU
		{EAF85CFF-100F-4208-8400-CA036F701D99}.Debug|Any CPU.Build.0 = Debug|Any CPU
		{EAF85CFF-100F-4208-8400-CA036F701D99}.Debug-Publish|Any CPU.ActiveCfg = Debug-Publish|Any CPU
		{EAF85CFF-100F-4208-8400-CA036F701D99}.Debug-Publish|Any CPU.Build.0 = Debug-Publish|Any CPU
		{EAF85CFF-100F-4208-8400-CA036F701D99}.Debug-PublishLocal|Any CPU.ActiveCfg = Debug-PublishLocal|Any CPU
		{EAF85CFF-100F-4208-8400-CA036F701D99}.Debug-PublishLocal|Any CPU.Build.0 = Debug-PublishLocal|Any CPU
		{EAF85CFF-100F-4208-8400-CA036F701D99}.Release|Any CPU.ActiveCfg = Release|Any CPU
		{EAF85CFF-100F-4208-8400-CA036F701D99}.Release|Any CPU.Build.0 = Release|Any CPU
		{EAF85CFF-100F-4208-8400-CA036F701D99}.Release-Windows|Any CPU.ActiveCfg = Release|Any CPU
		{EAF85CFF-100F-4208-8400-CA036F701D99}.Release-Windows|Any CPU.Build.0 = Release|Any CPU
		{D490959C-34D2-4FFF-A955-5877E902D45B}.Build-Release|Any CPU.ActiveCfg = Release|Any CPU
		{D490959C-34D2-4FFF-A955-5877E902D45B}.Build-Release|Any CPU.Build.0 = Release|Any CPU
		{D490959C-34D2-4FFF-A955-5877E902D45B}.Debug|Any CPU.ActiveCfg = Debug|Any CPU
		{D490959C-34D2-4FFF-A955-5877E902D45B}.Debug|Any CPU.Build.0 = Debug|Any CPU
		{D490959C-34D2-4FFF-A955-5877E902D45B}.Debug-Publish|Any CPU.ActiveCfg = Debug-Publish|Any CPU
		{D490959C-34D2-4FFF-A955-5877E902D45B}.Debug-Publish|Any CPU.Build.0 = Debug-Publish|Any CPU
		{D490959C-34D2-4FFF-A955-5877E902D45B}.Debug-PublishLocal|Any CPU.ActiveCfg = Debug-PublishLocal|Any CPU
		{D490959C-34D2-4FFF-A955-5877E902D45B}.Debug-PublishLocal|Any CPU.Build.0 = Debug-PublishLocal|Any CPU
		{D490959C-34D2-4FFF-A955-5877E902D45B}.Release|Any CPU.ActiveCfg = Release|Any CPU
		{D490959C-34D2-4FFF-A955-5877E902D45B}.Release|Any CPU.Build.0 = Release|Any CPU
		{D490959C-34D2-4FFF-A955-5877E902D45B}.Release-Windows|Any CPU.ActiveCfg = Release|Any CPU
		{D490959C-34D2-4FFF-A955-5877E902D45B}.Release-Windows|Any CPU.Build.0 = Release|Any CPU
		{53C5F110-BE68-4D8E-8216-408C27824762}.Build-Release|Any CPU.ActiveCfg = Release|Any CPU
		{53C5F110-BE68-4D8E-8216-408C27824762}.Debug|Any CPU.ActiveCfg = Debug|Any CPU
		{53C5F110-BE68-4D8E-8216-408C27824762}.Debug|Any CPU.Build.0 = Debug|Any CPU
		{53C5F110-BE68-4D8E-8216-408C27824762}.Debug-Publish|Any CPU.ActiveCfg = Debug-Publish|Any CPU
		{53C5F110-BE68-4D8E-8216-408C27824762}.Debug-Publish|Any CPU.Build.0 = Debug-Publish|Any CPU
		{53C5F110-BE68-4D8E-8216-408C27824762}.Debug-PublishLocal|Any CPU.ActiveCfg = Debug-PublishLocal|Any CPU
		{53C5F110-BE68-4D8E-8216-408C27824762}.Debug-PublishLocal|Any CPU.Build.0 = Debug-PublishLocal|Any CPU
		{53C5F110-BE68-4D8E-8216-408C27824762}.Release|Any CPU.ActiveCfg = Release|Any CPU
		{53C5F110-BE68-4D8E-8216-408C27824762}.Release|Any CPU.Build.0 = Release|Any CPU
		{53C5F110-BE68-4D8E-8216-408C27824762}.Release-Windows|Any CPU.ActiveCfg = Release|Any CPU
		{53C5F110-BE68-4D8E-8216-408C27824762}.Release-Windows|Any CPU.Build.0 = Release|Any CPU
		{786F7E5D-49CC-48BC-859D-8C4D7C411B9A}.Build-Release|Any CPU.ActiveCfg = Build-Release|Any CPU
		{786F7E5D-49CC-48BC-859D-8C4D7C411B9A}.Build-Release|Any CPU.Build.0 = Build-Release|Any CPU
		{786F7E5D-49CC-48BC-859D-8C4D7C411B9A}.Debug|Any CPU.ActiveCfg = Debug|Any CPU
		{786F7E5D-49CC-48BC-859D-8C4D7C411B9A}.Debug|Any CPU.Build.0 = Debug|Any CPU
		{786F7E5D-49CC-48BC-859D-8C4D7C411B9A}.Debug-Publish|Any CPU.ActiveCfg = Debug-Publish|Any CPU
		{786F7E5D-49CC-48BC-859D-8C4D7C411B9A}.Debug-Publish|Any CPU.Build.0 = Debug-Publish|Any CPU
		{786F7E5D-49CC-48BC-859D-8C4D7C411B9A}.Debug-PublishLocal|Any CPU.ActiveCfg = Debug-PublishLocal|Any CPU
		{786F7E5D-49CC-48BC-859D-8C4D7C411B9A}.Debug-PublishLocal|Any CPU.Build.0 = Debug-PublishLocal|Any CPU
		{786F7E5D-49CC-48BC-859D-8C4D7C411B9A}.Release|Any CPU.ActiveCfg = Release|Any CPU
		{786F7E5D-49CC-48BC-859D-8C4D7C411B9A}.Release|Any CPU.Build.0 = Release|Any CPU
		{786F7E5D-49CC-48BC-859D-8C4D7C411B9A}.Release-Windows|Any CPU.ActiveCfg = Release|Any CPU
		{786F7E5D-49CC-48BC-859D-8C4D7C411B9A}.Release-Windows|Any CPU.Build.0 = Release|Any CPU
		{A2DDF46D-6552-4EA0-8BC8-B40D54B6CAC5}.Build-Release|Any CPU.ActiveCfg = Build-Release|Any CPU
		{A2DDF46D-6552-4EA0-8BC8-B40D54B6CAC5}.Build-Release|Any CPU.Build.0 = Build-Release|Any CPU
		{A2DDF46D-6552-4EA0-8BC8-B40D54B6CAC5}.Debug|Any CPU.ActiveCfg = Debug|Any CPU
		{A2DDF46D-6552-4EA0-8BC8-B40D54B6CAC5}.Debug|Any CPU.Build.0 = Debug|Any CPU
		{A2DDF46D-6552-4EA0-8BC8-B40D54B6CAC5}.Debug-Publish|Any CPU.ActiveCfg = Debug-Publish|Any CPU
		{A2DDF46D-6552-4EA0-8BC8-B40D54B6CAC5}.Debug-Publish|Any CPU.Build.0 = Debug-Publish|Any CPU
		{A2DDF46D-6552-4EA0-8BC8-B40D54B6CAC5}.Debug-PublishLocal|Any CPU.ActiveCfg = Debug-PublishLocal|Any CPU
		{A2DDF46D-6552-4EA0-8BC8-B40D54B6CAC5}.Debug-PublishLocal|Any CPU.Build.0 = Debug-PublishLocal|Any CPU
		{A2DDF46D-6552-4EA0-8BC8-B40D54B6CAC5}.Release|Any CPU.ActiveCfg = Release|Any CPU
		{A2DDF46D-6552-4EA0-8BC8-B40D54B6CAC5}.Release|Any CPU.Build.0 = Release|Any CPU
		{A2DDF46D-6552-4EA0-8BC8-B40D54B6CAC5}.Release-Windows|Any CPU.ActiveCfg = Release|Any CPU
		{A2DDF46D-6552-4EA0-8BC8-B40D54B6CAC5}.Release-Windows|Any CPU.Build.0 = Release|Any CPU
		{F79BC780-5597-4EFC-80B7-E7A13D57BC8B}.Build-Release|Any CPU.ActiveCfg = Build-Release|Any CPU
		{F79BC780-5597-4EFC-80B7-E7A13D57BC8B}.Build-Release|Any CPU.Build.0 = Build-Release|Any CPU
		{F79BC780-5597-4EFC-80B7-E7A13D57BC8B}.Debug|Any CPU.ActiveCfg = Debug|Any CPU
		{F79BC780-5597-4EFC-80B7-E7A13D57BC8B}.Debug|Any CPU.Build.0 = Debug|Any CPU
		{F79BC780-5597-4EFC-80B7-E7A13D57BC8B}.Debug-Publish|Any CPU.ActiveCfg = Debug-Publish|Any CPU
		{F79BC780-5597-4EFC-80B7-E7A13D57BC8B}.Debug-Publish|Any CPU.Build.0 = Debug-Publish|Any CPU
		{F79BC780-5597-4EFC-80B7-E7A13D57BC8B}.Debug-PublishLocal|Any CPU.ActiveCfg = Debug-PublishLocal|Any CPU
		{F79BC780-5597-4EFC-80B7-E7A13D57BC8B}.Debug-PublishLocal|Any CPU.Build.0 = Debug-PublishLocal|Any CPU
		{F79BC780-5597-4EFC-80B7-E7A13D57BC8B}.Release|Any CPU.ActiveCfg = Release|Any CPU
		{F79BC780-5597-4EFC-80B7-E7A13D57BC8B}.Release|Any CPU.Build.0 = Release|Any CPU
		{F79BC780-5597-4EFC-80B7-E7A13D57BC8B}.Release-Windows|Any CPU.ActiveCfg = Release|Any CPU
		{F79BC780-5597-4EFC-80B7-E7A13D57BC8B}.Release-Windows|Any CPU.Build.0 = Release|Any CPU
		{217F26B5-8C4E-403C-9143-0FDA15D5B331}.Build-Release|Any CPU.ActiveCfg = Build-Release|Any CPU
		{217F26B5-8C4E-403C-9143-0FDA15D5B331}.Build-Release|Any CPU.Build.0 = Build-Release|Any CPU
		{217F26B5-8C4E-403C-9143-0FDA15D5B331}.Debug|Any CPU.ActiveCfg = Debug|Any CPU
		{217F26B5-8C4E-403C-9143-0FDA15D5B331}.Debug|Any CPU.Build.0 = Debug|Any CPU
		{217F26B5-8C4E-403C-9143-0FDA15D5B331}.Debug-Publish|Any CPU.ActiveCfg = Debug-Publish|Any CPU
		{217F26B5-8C4E-403C-9143-0FDA15D5B331}.Debug-Publish|Any CPU.Build.0 = Debug-Publish|Any CPU
		{217F26B5-8C4E-403C-9143-0FDA15D5B331}.Debug-PublishLocal|Any CPU.ActiveCfg = Debug-PublishLocal|Any CPU
		{217F26B5-8C4E-403C-9143-0FDA15D5B331}.Debug-PublishLocal|Any CPU.Build.0 = Debug-PublishLocal|Any CPU
		{217F26B5-8C4E-403C-9143-0FDA15D5B331}.Release|Any CPU.ActiveCfg = Release|Any CPU
		{217F26B5-8C4E-403C-9143-0FDA15D5B331}.Release|Any CPU.Build.0 = Release|Any CPU
		{217F26B5-8C4E-403C-9143-0FDA15D5B331}.Release-Windows|Any CPU.ActiveCfg = Release|Any CPU
		{217F26B5-8C4E-403C-9143-0FDA15D5B331}.Release-Windows|Any CPU.Build.0 = Release|Any CPU
		{47E2D5EF-FA40-4D51-A86F-4254C5F3F2DD}.Build-Release|Any CPU.ActiveCfg = Build-Release|Any CPU
		{47E2D5EF-FA40-4D51-A86F-4254C5F3F2DD}.Build-Release|Any CPU.Build.0 = Build-Release|Any CPU
		{47E2D5EF-FA40-4D51-A86F-4254C5F3F2DD}.Debug|Any CPU.ActiveCfg = Debug|Any CPU
		{47E2D5EF-FA40-4D51-A86F-4254C5F3F2DD}.Debug|Any CPU.Build.0 = Debug|Any CPU
		{47E2D5EF-FA40-4D51-A86F-4254C5F3F2DD}.Debug-Publish|Any CPU.ActiveCfg = Debug-Publish|Any CPU
		{47E2D5EF-FA40-4D51-A86F-4254C5F3F2DD}.Debug-Publish|Any CPU.Build.0 = Debug-Publish|Any CPU
		{47E2D5EF-FA40-4D51-A86F-4254C5F3F2DD}.Debug-PublishLocal|Any CPU.ActiveCfg = Debug-PublishLocal|Any CPU
		{47E2D5EF-FA40-4D51-A86F-4254C5F3F2DD}.Debug-PublishLocal|Any CPU.Build.0 = Debug-PublishLocal|Any CPU
		{47E2D5EF-FA40-4D51-A86F-4254C5F3F2DD}.Release|Any CPU.ActiveCfg = Release|Any CPU
		{47E2D5EF-FA40-4D51-A86F-4254C5F3F2DD}.Release|Any CPU.Build.0 = Release|Any CPU
		{47E2D5EF-FA40-4D51-A86F-4254C5F3F2DD}.Release-Windows|Any CPU.ActiveCfg = Debug|Any CPU
		{47E2D5EF-FA40-4D51-A86F-4254C5F3F2DD}.Release-Windows|Any CPU.Build.0 = Debug|Any CPU
		{37442BEE-7AAB-46C9-AEBD-C928F519F84C}.Build-Release|Any CPU.ActiveCfg = Build-Release|Any CPU
		{37442BEE-7AAB-46C9-AEBD-C928F519F84C}.Build-Release|Any CPU.Build.0 = Build-Release|Any CPU
		{37442BEE-7AAB-46C9-AEBD-C928F519F84C}.Debug|Any CPU.ActiveCfg = Debug|Any CPU
		{37442BEE-7AAB-46C9-AEBD-C928F519F84C}.Debug|Any CPU.Build.0 = Debug|Any CPU
		{37442BEE-7AAB-46C9-AEBD-C928F519F84C}.Debug-Publish|Any CPU.ActiveCfg = Debug-Publish|Any CPU
		{37442BEE-7AAB-46C9-AEBD-C928F519F84C}.Debug-Publish|Any CPU.Build.0 = Debug-Publish|Any CPU
		{37442BEE-7AAB-46C9-AEBD-C928F519F84C}.Debug-PublishLocal|Any CPU.ActiveCfg = Debug-PublishLocal|Any CPU
		{37442BEE-7AAB-46C9-AEBD-C928F519F84C}.Debug-PublishLocal|Any CPU.Build.0 = Debug-PublishLocal|Any CPU
		{37442BEE-7AAB-46C9-AEBD-C928F519F84C}.Release|Any CPU.ActiveCfg = Release|Any CPU
		{37442BEE-7AAB-46C9-AEBD-C928F519F84C}.Release|Any CPU.Build.0 = Release|Any CPU
		{37442BEE-7AAB-46C9-AEBD-C928F519F84C}.Release-Windows|Any CPU.ActiveCfg = Release|Any CPU
		{37442BEE-7AAB-46C9-AEBD-C928F519F84C}.Release-Windows|Any CPU.Build.0 = Release|Any CPU
		{C54151FE-1A0F-452F-B03A-283C454C1329}.Build-Release|Any CPU.ActiveCfg = Build-Release|Any CPU
		{C54151FE-1A0F-452F-B03A-283C454C1329}.Build-Release|Any CPU.Build.0 = Build-Release|Any CPU
		{C54151FE-1A0F-452F-B03A-283C454C1329}.Debug|Any CPU.ActiveCfg = Debug|Any CPU
		{C54151FE-1A0F-452F-B03A-283C454C1329}.Debug|Any CPU.Build.0 = Debug|Any CPU
		{C54151FE-1A0F-452F-B03A-283C454C1329}.Debug-Publish|Any CPU.ActiveCfg = Debug-Publish|Any CPU
		{C54151FE-1A0F-452F-B03A-283C454C1329}.Debug-Publish|Any CPU.Build.0 = Debug-Publish|Any CPU
		{C54151FE-1A0F-452F-B03A-283C454C1329}.Debug-PublishLocal|Any CPU.ActiveCfg = Debug-PublishLocal|Any CPU
		{C54151FE-1A0F-452F-B03A-283C454C1329}.Debug-PublishLocal|Any CPU.Build.0 = Debug-PublishLocal|Any CPU
		{C54151FE-1A0F-452F-B03A-283C454C1329}.Release|Any CPU.ActiveCfg = Release|Any CPU
		{C54151FE-1A0F-452F-B03A-283C454C1329}.Release|Any CPU.Build.0 = Release|Any CPU
		{C54151FE-1A0F-452F-B03A-283C454C1329}.Release-Windows|Any CPU.ActiveCfg = Release|Any CPU
		{C54151FE-1A0F-452F-B03A-283C454C1329}.Release-Windows|Any CPU.Build.0 = Release|Any CPU
		{47D83DD1-465E-4DAC-9269-C8C8C62AEEC9}.Build-Release|Any CPU.ActiveCfg = Build-Release|Any CPU
		{47D83DD1-465E-4DAC-9269-C8C8C62AEEC9}.Build-Release|Any CPU.Build.0 = Build-Release|Any CPU
		{47D83DD1-465E-4DAC-9269-C8C8C62AEEC9}.Debug|Any CPU.ActiveCfg = Debug|Any CPU
		{47D83DD1-465E-4DAC-9269-C8C8C62AEEC9}.Debug|Any CPU.Build.0 = Debug|Any CPU
		{47D83DD1-465E-4DAC-9269-C8C8C62AEEC9}.Debug-Publish|Any CPU.ActiveCfg = Debug-Publish|Any CPU
		{47D83DD1-465E-4DAC-9269-C8C8C62AEEC9}.Debug-Publish|Any CPU.Build.0 = Debug-Publish|Any CPU
		{47D83DD1-465E-4DAC-9269-C8C8C62AEEC9}.Debug-PublishLocal|Any CPU.ActiveCfg = Debug-PublishLocal|Any CPU
		{47D83DD1-465E-4DAC-9269-C8C8C62AEEC9}.Debug-PublishLocal|Any CPU.Build.0 = Debug-PublishLocal|Any CPU
		{47D83DD1-465E-4DAC-9269-C8C8C62AEEC9}.Release|Any CPU.ActiveCfg = Release|Any CPU
		{47D83DD1-465E-4DAC-9269-C8C8C62AEEC9}.Release|Any CPU.Build.0 = Release|Any CPU
		{47D83DD1-465E-4DAC-9269-C8C8C62AEEC9}.Release-Windows|Any CPU.ActiveCfg = Release|Any CPU
		{47D83DD1-465E-4DAC-9269-C8C8C62AEEC9}.Release-Windows|Any CPU.Build.0 = Release|Any CPU
		{C5489EA9-48EC-427A-8916-820F2D0A2D0D}.Build-Release|Any CPU.ActiveCfg = Build-Release|Any CPU
		{C5489EA9-48EC-427A-8916-820F2D0A2D0D}.Build-Release|Any CPU.Build.0 = Build-Release|Any CPU
		{C5489EA9-48EC-427A-8916-820F2D0A2D0D}.Debug|Any CPU.ActiveCfg = Debug|Any CPU
		{C5489EA9-48EC-427A-8916-820F2D0A2D0D}.Debug|Any CPU.Build.0 = Debug|Any CPU
		{C5489EA9-48EC-427A-8916-820F2D0A2D0D}.Debug-Publish|Any CPU.ActiveCfg = Debug-Publish|Any CPU
		{C5489EA9-48EC-427A-8916-820F2D0A2D0D}.Debug-Publish|Any CPU.Build.0 = Debug-Publish|Any CPU
		{C5489EA9-48EC-427A-8916-820F2D0A2D0D}.Debug-PublishLocal|Any CPU.ActiveCfg = Debug-PublishLocal|Any CPU
		{C5489EA9-48EC-427A-8916-820F2D0A2D0D}.Debug-PublishLocal|Any CPU.Build.0 = Debug-PublishLocal|Any CPU
		{C5489EA9-48EC-427A-8916-820F2D0A2D0D}.Release|Any CPU.ActiveCfg = Release|Any CPU
		{C5489EA9-48EC-427A-8916-820F2D0A2D0D}.Release|Any CPU.Build.0 = Release|Any CPU
		{C5489EA9-48EC-427A-8916-820F2D0A2D0D}.Release-Windows|Any CPU.ActiveCfg = Release|Any CPU
		{C5489EA9-48EC-427A-8916-820F2D0A2D0D}.Release-Windows|Any CPU.Build.0 = Release|Any CPU
		{66CE8E66-9727-4D64-80B8-77C472D29E56}.Build-Release|Any CPU.ActiveCfg = Build-Release|Any CPU
		{66CE8E66-9727-4D64-80B8-77C472D29E56}.Build-Release|Any CPU.Build.0 = Build-Release|Any CPU
		{66CE8E66-9727-4D64-80B8-77C472D29E56}.Debug|Any CPU.ActiveCfg = Debug|Any CPU
		{66CE8E66-9727-4D64-80B8-77C472D29E56}.Debug|Any CPU.Build.0 = Debug|Any CPU
		{66CE8E66-9727-4D64-80B8-77C472D29E56}.Debug-Publish|Any CPU.ActiveCfg = Debug-Publish|Any CPU
		{66CE8E66-9727-4D64-80B8-77C472D29E56}.Debug-Publish|Any CPU.Build.0 = Debug-Publish|Any CPU
		{66CE8E66-9727-4D64-80B8-77C472D29E56}.Debug-PublishLocal|Any CPU.ActiveCfg = Debug-PublishLocal|Any CPU
		{66CE8E66-9727-4D64-80B8-77C472D29E56}.Debug-PublishLocal|Any CPU.Build.0 = Debug-PublishLocal|Any CPU
		{66CE8E66-9727-4D64-80B8-77C472D29E56}.Release|Any CPU.ActiveCfg = Release|Any CPU
		{66CE8E66-9727-4D64-80B8-77C472D29E56}.Release|Any CPU.Build.0 = Release|Any CPU
		{66CE8E66-9727-4D64-80B8-77C472D29E56}.Release-Windows|Any CPU.ActiveCfg = Release|Any CPU
		{66CE8E66-9727-4D64-80B8-77C472D29E56}.Release-Windows|Any CPU.Build.0 = Release|Any CPU
		{8594D2AF-AF5E-4E3B-8BBB-DD3A94A8BAEB}.Build-Release|Any CPU.ActiveCfg = Build-Release|Any CPU
		{8594D2AF-AF5E-4E3B-8BBB-DD3A94A8BAEB}.Build-Release|Any CPU.Build.0 = Build-Release|Any CPU
		{8594D2AF-AF5E-4E3B-8BBB-DD3A94A8BAEB}.Debug|Any CPU.ActiveCfg = Debug|Any CPU
		{8594D2AF-AF5E-4E3B-8BBB-DD3A94A8BAEB}.Debug|Any CPU.Build.0 = Debug|Any CPU
		{8594D2AF-AF5E-4E3B-8BBB-DD3A94A8BAEB}.Debug-Publish|Any CPU.ActiveCfg = Debug-Publish|Any CPU
		{8594D2AF-AF5E-4E3B-8BBB-DD3A94A8BAEB}.Debug-Publish|Any CPU.Build.0 = Debug-Publish|Any CPU
		{8594D2AF-AF5E-4E3B-8BBB-DD3A94A8BAEB}.Debug-PublishLocal|Any CPU.ActiveCfg = Debug-PublishLocal|Any CPU
		{8594D2AF-AF5E-4E3B-8BBB-DD3A94A8BAEB}.Debug-PublishLocal|Any CPU.Build.0 = Debug-PublishLocal|Any CPU
		{8594D2AF-AF5E-4E3B-8BBB-DD3A94A8BAEB}.Release|Any CPU.ActiveCfg = Release|Any CPU
		{8594D2AF-AF5E-4E3B-8BBB-DD3A94A8BAEB}.Release|Any CPU.Build.0 = Release|Any CPU
		{8594D2AF-AF5E-4E3B-8BBB-DD3A94A8BAEB}.Release-Windows|Any CPU.ActiveCfg = Release|Any CPU
		{8594D2AF-AF5E-4E3B-8BBB-DD3A94A8BAEB}.Release-Windows|Any CPU.Build.0 = Release|Any CPU
		{3FD955D2-5F54-4770-AFB4-7A6FFD2A91D5}.Build-Release|Any CPU.ActiveCfg = Build-Release|Any CPU
		{3FD955D2-5F54-4770-AFB4-7A6FFD2A91D5}.Build-Release|Any CPU.Build.0 = Build-Release|Any CPU
		{3FD955D2-5F54-4770-AFB4-7A6FFD2A91D5}.Debug|Any CPU.ActiveCfg = Debug|Any CPU
		{3FD955D2-5F54-4770-AFB4-7A6FFD2A91D5}.Debug|Any CPU.Build.0 = Debug|Any CPU
		{3FD955D2-5F54-4770-AFB4-7A6FFD2A91D5}.Debug-Publish|Any CPU.ActiveCfg = Debug-Publish|Any CPU
		{3FD955D2-5F54-4770-AFB4-7A6FFD2A91D5}.Debug-Publish|Any CPU.Build.0 = Debug-Publish|Any CPU
		{3FD955D2-5F54-4770-AFB4-7A6FFD2A91D5}.Debug-PublishLocal|Any CPU.ActiveCfg = Debug-PublishLocal|Any CPU
		{3FD955D2-5F54-4770-AFB4-7A6FFD2A91D5}.Debug-PublishLocal|Any CPU.Build.0 = Debug-PublishLocal|Any CPU
		{3FD955D2-5F54-4770-AFB4-7A6FFD2A91D5}.Release|Any CPU.ActiveCfg = Release|Any CPU
		{3FD955D2-5F54-4770-AFB4-7A6FFD2A91D5}.Release|Any CPU.Build.0 = Release|Any CPU
		{3FD955D2-5F54-4770-AFB4-7A6FFD2A91D5}.Release-Windows|Any CPU.ActiveCfg = Release|Any CPU
		{3FD955D2-5F54-4770-AFB4-7A6FFD2A91D5}.Release-Windows|Any CPU.Build.0 = Release|Any CPU
		{51DBD452-AAAB-4D70-8129-197FC924A67A}.Build-Release|Any CPU.ActiveCfg = Release|Any CPU
		{51DBD452-AAAB-4D70-8129-197FC924A67A}.Build-Release|Any CPU.Build.0 = Release|Any CPU
		{51DBD452-AAAB-4D70-8129-197FC924A67A}.Debug|Any CPU.ActiveCfg = Debug|Any CPU
		{51DBD452-AAAB-4D70-8129-197FC924A67A}.Debug|Any CPU.Build.0 = Debug|Any CPU
		{51DBD452-AAAB-4D70-8129-197FC924A67A}.Debug-Publish|Any CPU.ActiveCfg = Release|Any CPU
		{51DBD452-AAAB-4D70-8129-197FC924A67A}.Debug-Publish|Any CPU.Build.0 = Release|Any CPU
		{51DBD452-AAAB-4D70-8129-197FC924A67A}.Debug-PublishLocal|Any CPU.ActiveCfg = Release|Any CPU
		{51DBD452-AAAB-4D70-8129-197FC924A67A}.Debug-PublishLocal|Any CPU.Build.0 = Release|Any CPU
		{51DBD452-AAAB-4D70-8129-197FC924A67A}.Release|Any CPU.ActiveCfg = Release|Any CPU
		{51DBD452-AAAB-4D70-8129-197FC924A67A}.Release|Any CPU.Build.0 = Release|Any CPU
		{51DBD452-AAAB-4D70-8129-197FC924A67A}.Release-Windows|Any CPU.ActiveCfg = Release|Any CPU
		{51DBD452-AAAB-4D70-8129-197FC924A67A}.Release-Windows|Any CPU.Build.0 = Release|Any CPU
	EndGlobalSection
	GlobalSection(SolutionProperties) = preSolution
		HideSolutionNode = FALSE
	EndGlobalSection
	GlobalSection(NestedProjects) = preSolution
		{E47D5A87-1A18-4E80-8F4B-B336D403BB11} = {E82B9C4A-7B06-4056-9AD0-0B348A23E95A}
		{7DE3C125-1918-4145-828F-D613650993F2} = {73D6D032-1D9C-4CA7-98FB-19060055DD6F}
		{122263C3-53A2-4F57-BF56-691212025516} = {3344971D-A100-47A5-A94C-5AD7556909BF}
		{0EB56D1B-50BE-4C52-AB26-67EE807299C2} = {3344971D-A100-47A5-A94C-5AD7556909BF}
		{174E892F-0BC2-4092-8645-A40583933477} = {AF055A8A-93F0-4BBD-8025-47B7108AFAB2}
		{B01D6263-DDD7-47B5-9E79-198F1A9CDA3F} = {AF055A8A-93F0-4BBD-8025-47B7108AFAB2}
		{7E54D64F-13A3-470E-A7D7-1D4ED9751446} = {AF055A8A-93F0-4BBD-8025-47B7108AFAB2}
		{221F9EF5-4751-46C6-8448-58C01B8A6C36} = {866790F1-898D-4EFE-98CB-7019F72D6C35}
		{D000C695-2B12-4D34-AE39-94D7C0EE13A4} = {221F9EF5-4751-46C6-8448-58C01B8A6C36}
		{B90CBE29-C14A-451E-B967-1EEE3DA048F3} = {E82B9C4A-7B06-4056-9AD0-0B348A23E95A}
		{B3F4BF0F-093C-4949-89BE-F83094F41AB6} = {B9B969C1-B018-49B6-B041-39F499AAF7D7}
		{0EA488AB-FD6F-4B47-962A-82A78A305702} = {B3F4BF0F-093C-4949-89BE-F83094F41AB6}
		{EAF85CFF-100F-4208-8400-CA036F701D99} = {AF055A8A-93F0-4BBD-8025-47B7108AFAB2}
		{D490959C-34D2-4FFF-A955-5877E902D45B} = {AF055A8A-93F0-4BBD-8025-47B7108AFAB2}
		{53C5F110-BE68-4D8E-8216-408C27824762} = {B3F4BF0F-093C-4949-89BE-F83094F41AB6}
		{F7D39A51-6793-455A-85BB-50AEA701DB3F} = {D7131B96-202D-46EE-A490-C01C7A7A1B12}
		{19F4834E-2A5C-49B3-AE5F-16D390EC1B31} = {F7D39A51-6793-455A-85BB-50AEA701DB3F}
		{A2DDF46D-6552-4EA0-8BC8-B40D54B6CAC5} = {221F9EF5-4751-46C6-8448-58C01B8A6C36}
		{F79BC780-5597-4EFC-80B7-E7A13D57BC8B} = {221F9EF5-4751-46C6-8448-58C01B8A6C36}
		{217F26B5-8C4E-403C-9143-0FDA15D5B331} = {AF055A8A-93F0-4BBD-8025-47B7108AFAB2}
		{5F9909C7-B00C-42B7-B53D-644DC8F64FF7} = {D7131B96-202D-46EE-A490-C01C7A7A1B12}
		{47E2D5EF-FA40-4D51-A86F-4254C5F3F2DD} = {5F9909C7-B00C-42B7-B53D-644DC8F64FF7}
		{37442BEE-7AAB-46C9-AEBD-C928F519F84C} = {F7D39A51-6793-455A-85BB-50AEA701DB3F}
		{94E350AA-583D-4899-B01A-C716080C52F6} = {D7131B96-202D-46EE-A490-C01C7A7A1B12}
		{C54151FE-1A0F-452F-B03A-283C454C1329} = {94E350AA-583D-4899-B01A-C716080C52F6}
		{47D83DD1-465E-4DAC-9269-C8C8C62AEEC9} = {F7D39A51-6793-455A-85BB-50AEA701DB3F}
		{C5489EA9-48EC-427A-8916-820F2D0A2D0D} = {E82B9C4A-7B06-4056-9AD0-0B348A23E95A}
		{66CE8E66-9727-4D64-80B8-77C472D29E56} = {B3F4BF0F-093C-4949-89BE-F83094F41AB6}
		{A4DC34EC-AB9B-4113-94C9-A84F5631EE7E} = {D7131B96-202D-46EE-A490-C01C7A7A1B12}
		{3FD955D2-5F54-4770-AFB4-7A6FFD2A91D5} = {F7D39A51-6793-455A-85BB-50AEA701DB3F}
		{8594D2AF-AF5E-4E3B-8BBB-DD3A94A8BAEB} = {19F4834E-2A5C-49B3-AE5F-16D390EC1B31}
		{51DBD452-AAAB-4D70-8129-197FC924A67A} = {A4DC34EC-AB9B-4113-94C9-A84F5631EE7E}
	EndGlobalSection
	GlobalSection(ExtensibilityGlobals) = postSolution
		SolutionGuid = {2A45987E-24AB-4E9E-9C1F-4C8D9B1F956A}
	EndGlobalSection
EndGlobal
