
Microsoft Visual Studio Solution File, Format Version 12.00
# Visual Studio Version 17
VisualStudioVersion = 17.0.31903.59
MinimumVisualStudioVersion = 10.0.40219.1
Project("{2150E333-8FDC-42A3-9474-1A3956D46DE8}") = "Build", "Build", "{F76AFAD2-F7DA-48B6-BAA1-EFE8AF99FA17}"
	ProjectSection(SolutionItems) = preProject
		Directory.Build.props = Directory.Build.props
		Directory.Build.targets = Directory.Build.targets
	EndProjectSection
EndProject
Project("{2150E333-8FDC-42A3-9474-1A3956D46DE8}") = "Targets", "Targets", "{36FB10AA-1FBE-4465-B291-3E9F330E9484}"
	ProjectSection(SolutionItems) = preProject
		Targets\BuildPaths.props = Targets\BuildPaths.props
		Targets\CompileOptions.targets = Targets\CompileOptions.targets
		Targets\GlobalDirectives.targets = Targets\GlobalDirectives.targets
		Targets\PackageInfo.props = Targets\PackageInfo.props
		Targets\PackageVersion.props = Targets\PackageVersion.props
	EndProjectSection
EndProject
Project("{2150E333-8FDC-42A3-9474-1A3956D46DE8}") = "Bundles", "Bundles", "{5C704905-ABCB-467E-989B-70F11B6AF621}"
EndProject
Project("{2150E333-8FDC-42A3-9474-1A3956D46DE8}") = "Core", "Core", "{717D0514-4F57-4526-B2D7-C1A025C00436}"
EndProject
Project("{9A19103F-16F7-4668-BE54-9A1E7A4F7556}") = "Triton.Models", "Core\Triton.Models\Triton.Models.csproj", "{0B6594F2-BDE9-4890-AB41-8346912A39DC}"
EndProject
Project("{9A19103F-16F7-4668-BE54-9A1E7A4F7556}") = "Triton", "Core\Triton\Triton.csproj", "{E7545D9B-0E18-4B16-97C4-9BE88E7244BF}"
EndProject
Project("{2150E333-8FDC-42A3-9474-1A3956D46DE8}") = "Transport", "Transport", "{32E3C74B-5AFA-4AAB-B7CA-A0455D262776}"
EndProject
Project("{9A19103F-16F7-4668-BE54-9A1E7A4F7556}") = "Triton.EFCore", "Transport\Triton.EFCore\Triton.EFCore.csproj", "{61A6DF1E-F132-43EE-8090-5F7DBC722C80}"
EndProject
Project("{9A19103F-16F7-4668-BE54-9A1E7A4F7556}") = "Triton.InMemory", "Transport\Triton.InMemory\Triton.InMemory.csproj", "{E816F25B-590A-458B-9DB4-14DCEFF01361}"
EndProject
Project("{9A19103F-16F7-4668-BE54-9A1E7A4F7556}") = "Triton.Dapper", "Transport\Triton.Dapper\Triton.Dapper.csproj", "{B77B7934-96D5-4C0F-9B5F-B42D9C3E6C12}"
EndProject
Project("{2150E333-8FDC-42A3-9474-1A3956D46DE8}") = "Tests", "Tests", "{0D84EEAD-7C72-4DBC-8DDC-BF9E3DC54CB2}"
EndProject
Project("{9A19103F-16F7-4668-BE54-9A1E7A4F7556}") = "Triton.Tests.Models", "Tests\Triton.Tests.Models\Triton.Tests.Models.csproj", "{BC474EC6-2272-4A74-A5AF-FB52C66EA755}"
EndProject
Project("{D954291E-2A0B-460D-934E-DC6B0785DB48}") = "Triton.Tests.Shared", "Tests\Triton.Tests.Shared\Triton.Tests.Shared.shproj", "{8ECFEEDF-CE5B-4ABA-B72F-99EB3652F908}"
EndProject
Project("{2150E333-8FDC-42A3-9474-1A3956D46DE8}") = "Core", "Core", "{08D57208-E48C-4448-8920-238563536B27}"
EndProject
Project("{9A19103F-16F7-4668-BE54-9A1E7A4F7556}") = "Triton.Tests", "Tests\Core\Triton.Tests\Triton.Tests.csproj", "{7F412054-C343-4ECE-A450-329E20770EC4}"
EndProject
Project("{2150E333-8FDC-42A3-9474-1A3956D46DE8}") = "Transport", "Transport", "{3595A323-AE03-4D5E-B061-ACA95E346800}"
EndProject
Project("{9A19103F-16F7-4668-BE54-9A1E7A4F7556}") = "Triton.Tests.EFCore", "Tests\Transport\Triton.Tests.EFCore\Triton.Tests.EFCore.csproj", "{78090F4B-9E5D-42DD-BB86-527E237CE5B0}"
EndProject
Project("{2150E333-8FDC-42A3-9474-1A3956D46DE8}") = "Bundles", "Bundles", "{2AB10B4D-DA46-4D6A-A30F-EE52EE2632AE}"
EndProject
Project("{9A19103F-16F7-4668-BE54-9A1E7A4F7556}") = "Triton.CrudNotify", "Bundles\Triton.CrudNotify\Triton.CrudNotify.csproj", "{FD84A477-1320-44DD-B1C9-C114B9FEAFC5}"
EndProject
Project("{9A19103F-16F7-4668-BE54-9A1E7A4F7556}") = "Triton.Diagnostics", "Bundles\Triton.Diagnostics\Triton.Diagnostics.csproj", "{2B27ED7D-4408-485A-A246-12DCC0CE7392}"
EndProject
Project("{9A19103F-16F7-4668-BE54-9A1E7A4F7556}") = "Triton.EfContextBuilder", "Bundles\Triton.EfContextBuilder\Triton.EfContextBuilder.csproj", "{7696FE97-392E-49EC-98FE-317CB60EF772}"
EndProject
Project("{9A19103F-16F7-4668-BE54-9A1E7A4F7556}") = "Triton.Faker", "Bundles\Triton.Faker\Triton.Faker.csproj", "{513B114D-29ED-4B2B-B84F-FD5C3C750D7B}"
EndProject
Project("{9A19103F-16F7-4668-BE54-9A1E7A4F7556}") = "Triton.SecurityEssentials", "Bundles\Triton.SecurityEssentials\Triton.SecurityEssentials.csproj", "{4859203E-3221-4D80-93B0-F1ED7B4F64C4}"
EndProject
Project("{9A19103F-16F7-4668-BE54-9A1E7A4F7556}") = "Triton.SecurityEssentials.Ef", "Bundles\Triton.SecurityEssentials.Ef\Triton.SecurityEssentials.Ef.csproj", "{F1F52C07-E445-4DB4-AF4D-94597D016B17}"
EndProject
Project("{9A19103F-16F7-4668-BE54-9A1E7A4F7556}") = "ServicePool.Triton", "Bundles\ServicePool.Triton\ServicePool.Triton.csproj", "{7E61D254-B701-4CB1-B0CE-E0747B303D48}"
EndProject
Project("{9A19103F-16F7-4668-BE54-9A1E7A4F7556}") = "ServicePool.Triton.EfContextBuilder", "Bundles\ServicePool.Triton.EfContextBuilder\ServicePool.Triton.EfContextBuilder.csproj", "{14CCD2C0-C639-42E0-91E7-FF1E7F55C956}"
EndProject
Project("{9A19103F-16F7-4668-BE54-9A1E7A4F7556}") = "ServicePool.Triton.Tests", "Tests\Bundles\ServicePool.Triton.Tests\ServicePool.Triton.Tests.csproj", "{78F4617E-AF45-472C-B01F-EEA5676BC21F}"
EndProject
Project("{9A19103F-16F7-4668-BE54-9A1E7A4F7556}") = "Triton.Tests.Diagnostics", "Tests\Bundles\Triton.Diagnostics.Tests\Triton.Tests.Diagnostics.csproj", "{27E6A82A-3B24-4C3C-B020-CB3C43C98D43}"
EndProject
Project("{9A19103F-16F7-4668-BE54-9A1E7A4F7556}") = "Triton.Tests.EFContextBuilder", "Tests\Bundles\Triton.EFContextBuilder.Tests\Triton.Tests.EFContextBuilder.csproj", "{0901C0A9-C8AB-4E54-94A0-0DAEFB93DCE1}"
EndProject
Project("{9A19103F-16F7-4668-BE54-9A1E7A4F7556}") = "Triton.Tests.CrudNotify", "Tests\Bundles\Triton.Tests.CrudNotify\Triton.Tests.CrudNotify.csproj", "{CC7B73C0-6080-421C-8C91-5F52E772C90B}"
EndProject
Project("{9A19103F-16F7-4668-BE54-9A1E7A4F7556}") = "Triton.Tests.Faker", "Tests\Bundles\Triton.Tests.Faker\Triton.Tests.Faker.csproj", "{5161A581-BF83-4071-8330-EAC1FB77AAF0}"
EndProject
Project("{9A19103F-16F7-4668-BE54-9A1E7A4F7556}") = "Triton.Tests.SecurityEssentials", "Tests\Bundles\Triton.Tests.SecurityEssentials\Triton.Tests.SecurityEssentials.csproj", "{9BBA1578-9EDC-46BA-B895-DAB65D83C0F0}"
EndProject
Project("{2150E333-8FDC-42A3-9474-1A3956D46DE8}") = "CI", "CI", "{E06D4205-D7F8-44E7-A556-C5F08188F46E}"
EndProject
Project("{2150E333-8FDC-42A3-9474-1A3956D46DE8}") = "Github", "Github", "{1A768325-E365-4BFD-9E23-25348A4EF7F6}"
	ProjectSection(SolutionItems) = preProject
		..\.github\dependabot.yml = ..\.github\dependabot.yml
	EndProjectSection
EndProject
Project("{2150E333-8FDC-42A3-9474-1A3956D46DE8}") = "workflows", "workflows", "{F0E2A344-A56E-48B5-99CB-F54744F1C3DD}"
	ProjectSection(SolutionItems) = preProject
		..\.github\workflows\build.yml = ..\.github\workflows\build.yml
		docfx.yml = docfx.yml
		..\.github\workflows\publish.yml = ..\.github\workflows\publish.yml
	EndProjectSection
EndProject
Project("{2150E333-8FDC-42A3-9474-1A3956D46DE8}") = "DevTools", "DevTools", "{2EA87E08-DD62-463C-9860-BF8B7B8A4122}"
EndProject
Project("{9A19103F-16F7-4668-BE54-9A1E7A4F7556}") = "StringPacker", "DevTools\StringPacker\StringPacker.csproj", "{8001D6D1-0CCC-4B88-BACD-EC75D9247ABE}"
EndProject
Project("{9A19103F-16F7-4668-BE54-9A1E7A4F7556}") = "Triton.Tests.InMemory", "Tests\Transport\Triton.Tests.InMemory\Triton.Tests.InMemory.csproj", "{2E38DA0F-4A03-444C-9DE4-D148A4B07EDD}"
EndProject
Project("{9A19103F-16F7-4668-BE54-9A1E7A4F7556}") = "ServicePool.Triton.Ef", "Bundles\ServicePool.Triton.Ef\ServicePool.Triton.Ef.csproj", "{81240C98-9FC6-4E3F-A856-865FF5BC635C}"
EndProject
Global
	GlobalSection(SolutionConfigurationPlatforms) = preSolution
		Debug|Any CPU = Debug|Any CPU
		Release|Any CPU = Release|Any CPU
	EndGlobalSection
	GlobalSection(ProjectConfigurationPlatforms) = postSolution
		{0B6594F2-BDE9-4890-AB41-8346912A39DC}.Debug|Any CPU.ActiveCfg = Debug|Any CPU
		{0B6594F2-BDE9-4890-AB41-8346912A39DC}.Debug|Any CPU.Build.0 = Debug|Any CPU
		{0B6594F2-BDE9-4890-AB41-8346912A39DC}.Release|Any CPU.ActiveCfg = Release|Any CPU
		{0B6594F2-BDE9-4890-AB41-8346912A39DC}.Release|Any CPU.Build.0 = Release|Any CPU
		{E7545D9B-0E18-4B16-97C4-9BE88E7244BF}.Debug|Any CPU.ActiveCfg = Debug|Any CPU
		{E7545D9B-0E18-4B16-97C4-9BE88E7244BF}.Debug|Any CPU.Build.0 = Debug|Any CPU
		{E7545D9B-0E18-4B16-97C4-9BE88E7244BF}.Release|Any CPU.ActiveCfg = Release|Any CPU
		{E7545D9B-0E18-4B16-97C4-9BE88E7244BF}.Release|Any CPU.Build.0 = Release|Any CPU
		{61A6DF1E-F132-43EE-8090-5F7DBC722C80}.Debug|Any CPU.ActiveCfg = Debug|Any CPU
		{61A6DF1E-F132-43EE-8090-5F7DBC722C80}.Debug|Any CPU.Build.0 = Debug|Any CPU
		{61A6DF1E-F132-43EE-8090-5F7DBC722C80}.Release|Any CPU.ActiveCfg = Release|Any CPU
		{61A6DF1E-F132-43EE-8090-5F7DBC722C80}.Release|Any CPU.Build.0 = Release|Any CPU
		{E816F25B-590A-458B-9DB4-14DCEFF01361}.Debug|Any CPU.ActiveCfg = Debug|Any CPU
		{E816F25B-590A-458B-9DB4-14DCEFF01361}.Debug|Any CPU.Build.0 = Debug|Any CPU
		{E816F25B-590A-458B-9DB4-14DCEFF01361}.Release|Any CPU.ActiveCfg = Release|Any CPU
		{E816F25B-590A-458B-9DB4-14DCEFF01361}.Release|Any CPU.Build.0 = Release|Any CPU
		{B77B7934-96D5-4C0F-9B5F-B42D9C3E6C12}.Debug|Any CPU.ActiveCfg = Debug|Any CPU
		{B77B7934-96D5-4C0F-9B5F-B42D9C3E6C12}.Debug|Any CPU.Build.0 = Debug|Any CPU
		{B77B7934-96D5-4C0F-9B5F-B42D9C3E6C12}.Release|Any CPU.ActiveCfg = Release|Any CPU
		{B77B7934-96D5-4C0F-9B5F-B42D9C3E6C12}.Release|Any CPU.Build.0 = Release|Any CPU
		{BC474EC6-2272-4A74-A5AF-FB52C66EA755}.Debug|Any CPU.ActiveCfg = Debug|Any CPU
		{BC474EC6-2272-4A74-A5AF-FB52C66EA755}.Debug|Any CPU.Build.0 = Debug|Any CPU
		{BC474EC6-2272-4A74-A5AF-FB52C66EA755}.Release|Any CPU.ActiveCfg = Release|Any CPU
		{BC474EC6-2272-4A74-A5AF-FB52C66EA755}.Release|Any CPU.Build.0 = Release|Any CPU
		{7F412054-C343-4ECE-A450-329E20770EC4}.Debug|Any CPU.ActiveCfg = Debug|Any CPU
		{7F412054-C343-4ECE-A450-329E20770EC4}.Debug|Any CPU.Build.0 = Debug|Any CPU
		{7F412054-C343-4ECE-A450-329E20770EC4}.Release|Any CPU.ActiveCfg = Release|Any CPU
		{7F412054-C343-4ECE-A450-329E20770EC4}.Release|Any CPU.Build.0 = Release|Any CPU
		{78090F4B-9E5D-42DD-BB86-527E237CE5B0}.Debug|Any CPU.ActiveCfg = Debug|Any CPU
		{78090F4B-9E5D-42DD-BB86-527E237CE5B0}.Debug|Any CPU.Build.0 = Debug|Any CPU
		{78090F4B-9E5D-42DD-BB86-527E237CE5B0}.Release|Any CPU.ActiveCfg = Release|Any CPU
		{78090F4B-9E5D-42DD-BB86-527E237CE5B0}.Release|Any CPU.Build.0 = Release|Any CPU
		{FD84A477-1320-44DD-B1C9-C114B9FEAFC5}.Debug|Any CPU.ActiveCfg = Debug|Any CPU
		{FD84A477-1320-44DD-B1C9-C114B9FEAFC5}.Debug|Any CPU.Build.0 = Debug|Any CPU
		{FD84A477-1320-44DD-B1C9-C114B9FEAFC5}.Release|Any CPU.ActiveCfg = Release|Any CPU
		{FD84A477-1320-44DD-B1C9-C114B9FEAFC5}.Release|Any CPU.Build.0 = Release|Any CPU
		{2B27ED7D-4408-485A-A246-12DCC0CE7392}.Debug|Any CPU.ActiveCfg = Debug|Any CPU
		{2B27ED7D-4408-485A-A246-12DCC0CE7392}.Debug|Any CPU.Build.0 = Debug|Any CPU
		{2B27ED7D-4408-485A-A246-12DCC0CE7392}.Release|Any CPU.ActiveCfg = Release|Any CPU
		{2B27ED7D-4408-485A-A246-12DCC0CE7392}.Release|Any CPU.Build.0 = Release|Any CPU
		{7696FE97-392E-49EC-98FE-317CB60EF772}.Debug|Any CPU.ActiveCfg = Debug|Any CPU
		{7696FE97-392E-49EC-98FE-317CB60EF772}.Debug|Any CPU.Build.0 = Debug|Any CPU
		{7696FE97-392E-49EC-98FE-317CB60EF772}.Release|Any CPU.ActiveCfg = Release|Any CPU
		{7696FE97-392E-49EC-98FE-317CB60EF772}.Release|Any CPU.Build.0 = Release|Any CPU
		{513B114D-29ED-4B2B-B84F-FD5C3C750D7B}.Debug|Any CPU.ActiveCfg = Debug|Any CPU
		{513B114D-29ED-4B2B-B84F-FD5C3C750D7B}.Debug|Any CPU.Build.0 = Debug|Any CPU
		{513B114D-29ED-4B2B-B84F-FD5C3C750D7B}.Release|Any CPU.ActiveCfg = Release|Any CPU
		{513B114D-29ED-4B2B-B84F-FD5C3C750D7B}.Release|Any CPU.Build.0 = Release|Any CPU
		{4859203E-3221-4D80-93B0-F1ED7B4F64C4}.Debug|Any CPU.ActiveCfg = Debug|Any CPU
		{4859203E-3221-4D80-93B0-F1ED7B4F64C4}.Debug|Any CPU.Build.0 = Debug|Any CPU
		{4859203E-3221-4D80-93B0-F1ED7B4F64C4}.Release|Any CPU.ActiveCfg = Release|Any CPU
		{4859203E-3221-4D80-93B0-F1ED7B4F64C4}.Release|Any CPU.Build.0 = Release|Any CPU
		{F1F52C07-E445-4DB4-AF4D-94597D016B17}.Debug|Any CPU.ActiveCfg = Debug|Any CPU
		{F1F52C07-E445-4DB4-AF4D-94597D016B17}.Debug|Any CPU.Build.0 = Debug|Any CPU
		{F1F52C07-E445-4DB4-AF4D-94597D016B17}.Release|Any CPU.ActiveCfg = Release|Any CPU
		{F1F52C07-E445-4DB4-AF4D-94597D016B17}.Release|Any CPU.Build.0 = Release|Any CPU
		{7E61D254-B701-4CB1-B0CE-E0747B303D48}.Debug|Any CPU.ActiveCfg = Debug|Any CPU
		{7E61D254-B701-4CB1-B0CE-E0747B303D48}.Debug|Any CPU.Build.0 = Debug|Any CPU
		{7E61D254-B701-4CB1-B0CE-E0747B303D48}.Release|Any CPU.ActiveCfg = Release|Any CPU
		{7E61D254-B701-4CB1-B0CE-E0747B303D48}.Release|Any CPU.Build.0 = Release|Any CPU
		{14CCD2C0-C639-42E0-91E7-FF1E7F55C956}.Debug|Any CPU.ActiveCfg = Debug|Any CPU
		{14CCD2C0-C639-42E0-91E7-FF1E7F55C956}.Debug|Any CPU.Build.0 = Debug|Any CPU
		{14CCD2C0-C639-42E0-91E7-FF1E7F55C956}.Release|Any CPU.ActiveCfg = Release|Any CPU
		{14CCD2C0-C639-42E0-91E7-FF1E7F55C956}.Release|Any CPU.Build.0 = Release|Any CPU
		{78F4617E-AF45-472C-B01F-EEA5676BC21F}.Debug|Any CPU.ActiveCfg = Debug|Any CPU
		{78F4617E-AF45-472C-B01F-EEA5676BC21F}.Debug|Any CPU.Build.0 = Debug|Any CPU
		{78F4617E-AF45-472C-B01F-EEA5676BC21F}.Release|Any CPU.ActiveCfg = Release|Any CPU
		{78F4617E-AF45-472C-B01F-EEA5676BC21F}.Release|Any CPU.Build.0 = Release|Any CPU
		{27E6A82A-3B24-4C3C-B020-CB3C43C98D43}.Debug|Any CPU.ActiveCfg = Debug|Any CPU
		{27E6A82A-3B24-4C3C-B020-CB3C43C98D43}.Debug|Any CPU.Build.0 = Debug|Any CPU
		{27E6A82A-3B24-4C3C-B020-CB3C43C98D43}.Release|Any CPU.ActiveCfg = Release|Any CPU
		{27E6A82A-3B24-4C3C-B020-CB3C43C98D43}.Release|Any CPU.Build.0 = Release|Any CPU
		{0901C0A9-C8AB-4E54-94A0-0DAEFB93DCE1}.Debug|Any CPU.ActiveCfg = Debug|Any CPU
		{0901C0A9-C8AB-4E54-94A0-0DAEFB93DCE1}.Debug|Any CPU.Build.0 = Debug|Any CPU
		{0901C0A9-C8AB-4E54-94A0-0DAEFB93DCE1}.Release|Any CPU.ActiveCfg = Release|Any CPU
		{0901C0A9-C8AB-4E54-94A0-0DAEFB93DCE1}.Release|Any CPU.Build.0 = Release|Any CPU
		{CC7B73C0-6080-421C-8C91-5F52E772C90B}.Debug|Any CPU.ActiveCfg = Debug|Any CPU
		{CC7B73C0-6080-421C-8C91-5F52E772C90B}.Debug|Any CPU.Build.0 = Debug|Any CPU
		{CC7B73C0-6080-421C-8C91-5F52E772C90B}.Release|Any CPU.ActiveCfg = Release|Any CPU
		{CC7B73C0-6080-421C-8C91-5F52E772C90B}.Release|Any CPU.Build.0 = Release|Any CPU
		{5161A581-BF83-4071-8330-EAC1FB77AAF0}.Debug|Any CPU.ActiveCfg = Debug|Any CPU
		{5161A581-BF83-4071-8330-EAC1FB77AAF0}.Debug|Any CPU.Build.0 = Debug|Any CPU
		{5161A581-BF83-4071-8330-EAC1FB77AAF0}.Release|Any CPU.ActiveCfg = Release|Any CPU
		{5161A581-BF83-4071-8330-EAC1FB77AAF0}.Release|Any CPU.Build.0 = Release|Any CPU
		{9BBA1578-9EDC-46BA-B895-DAB65D83C0F0}.Debug|Any CPU.ActiveCfg = Debug|Any CPU
		{9BBA1578-9EDC-46BA-B895-DAB65D83C0F0}.Debug|Any CPU.Build.0 = Debug|Any CPU
		{9BBA1578-9EDC-46BA-B895-DAB65D83C0F0}.Release|Any CPU.ActiveCfg = Release|Any CPU
		{9BBA1578-9EDC-46BA-B895-DAB65D83C0F0}.Release|Any CPU.Build.0 = Release|Any CPU
		{8001D6D1-0CCC-4B88-BACD-EC75D9247ABE}.Debug|Any CPU.ActiveCfg = Debug|Any CPU
		{8001D6D1-0CCC-4B88-BACD-EC75D9247ABE}.Debug|Any CPU.Build.0 = Debug|Any CPU
		{8001D6D1-0CCC-4B88-BACD-EC75D9247ABE}.Release|Any CPU.ActiveCfg = Release|Any CPU
		{8001D6D1-0CCC-4B88-BACD-EC75D9247ABE}.Release|Any CPU.Build.0 = Release|Any CPU
		{2E38DA0F-4A03-444C-9DE4-D148A4B07EDD}.Debug|Any CPU.ActiveCfg = Debug|Any CPU
		{2E38DA0F-4A03-444C-9DE4-D148A4B07EDD}.Debug|Any CPU.Build.0 = Debug|Any CPU
		{2E38DA0F-4A03-444C-9DE4-D148A4B07EDD}.Release|Any CPU.ActiveCfg = Release|Any CPU
		{2E38DA0F-4A03-444C-9DE4-D148A4B07EDD}.Release|Any CPU.Build.0 = Release|Any CPU
		{81240C98-9FC6-4E3F-A856-865FF5BC635C}.Debug|Any CPU.ActiveCfg = Debug|Any CPU
		{81240C98-9FC6-4E3F-A856-865FF5BC635C}.Debug|Any CPU.Build.0 = Debug|Any CPU
		{81240C98-9FC6-4E3F-A856-865FF5BC635C}.Release|Any CPU.ActiveCfg = Release|Any CPU
		{81240C98-9FC6-4E3F-A856-865FF5BC635C}.Release|Any CPU.Build.0 = Release|Any CPU
	EndGlobalSection
	GlobalSection(SolutionProperties) = preSolution
		HideSolutionNode = FALSE
	EndGlobalSection
	GlobalSection(NestedProjects) = preSolution
		{36FB10AA-1FBE-4465-B291-3E9F330E9484} = {F76AFAD2-F7DA-48B6-BAA1-EFE8AF99FA17}
		{0B6594F2-BDE9-4890-AB41-8346912A39DC} = {717D0514-4F57-4526-B2D7-C1A025C00436}
		{E7545D9B-0E18-4B16-97C4-9BE88E7244BF} = {717D0514-4F57-4526-B2D7-C1A025C00436}
		{61A6DF1E-F132-43EE-8090-5F7DBC722C80} = {32E3C74B-5AFA-4AAB-B7CA-A0455D262776}
		{E816F25B-590A-458B-9DB4-14DCEFF01361} = {32E3C74B-5AFA-4AAB-B7CA-A0455D262776}
		{B77B7934-96D5-4C0F-9B5F-B42D9C3E6C12} = {32E3C74B-5AFA-4AAB-B7CA-A0455D262776}
		{BC474EC6-2272-4A74-A5AF-FB52C66EA755} = {0D84EEAD-7C72-4DBC-8DDC-BF9E3DC54CB2}
		{8ECFEEDF-CE5B-4ABA-B72F-99EB3652F908} = {0D84EEAD-7C72-4DBC-8DDC-BF9E3DC54CB2}
		{08D57208-E48C-4448-8920-238563536B27} = {0D84EEAD-7C72-4DBC-8DDC-BF9E3DC54CB2}
		{7F412054-C343-4ECE-A450-329E20770EC4} = {08D57208-E48C-4448-8920-238563536B27}
		{3595A323-AE03-4D5E-B061-ACA95E346800} = {0D84EEAD-7C72-4DBC-8DDC-BF9E3DC54CB2}
		{78090F4B-9E5D-42DD-BB86-527E237CE5B0} = {3595A323-AE03-4D5E-B061-ACA95E346800}
		{2AB10B4D-DA46-4D6A-A30F-EE52EE2632AE} = {0D84EEAD-7C72-4DBC-8DDC-BF9E3DC54CB2}
		{FD84A477-1320-44DD-B1C9-C114B9FEAFC5} = {5C704905-ABCB-467E-989B-70F11B6AF621}
		{2B27ED7D-4408-485A-A246-12DCC0CE7392} = {5C704905-ABCB-467E-989B-70F11B6AF621}
		{7696FE97-392E-49EC-98FE-317CB60EF772} = {5C704905-ABCB-467E-989B-70F11B6AF621}
		{513B114D-29ED-4B2B-B84F-FD5C3C750D7B} = {5C704905-ABCB-467E-989B-70F11B6AF621}
		{4859203E-3221-4D80-93B0-F1ED7B4F64C4} = {5C704905-ABCB-467E-989B-70F11B6AF621}
		{F1F52C07-E445-4DB4-AF4D-94597D016B17} = {5C704905-ABCB-467E-989B-70F11B6AF621}
		{7E61D254-B701-4CB1-B0CE-E0747B303D48} = {5C704905-ABCB-467E-989B-70F11B6AF621}
		{14CCD2C0-C639-42E0-91E7-FF1E7F55C956} = {5C704905-ABCB-467E-989B-70F11B6AF621}
		{78F4617E-AF45-472C-B01F-EEA5676BC21F} = {2AB10B4D-DA46-4D6A-A30F-EE52EE2632AE}
		{27E6A82A-3B24-4C3C-B020-CB3C43C98D43} = {2AB10B4D-DA46-4D6A-A30F-EE52EE2632AE}
		{0901C0A9-C8AB-4E54-94A0-0DAEFB93DCE1} = {2AB10B4D-DA46-4D6A-A30F-EE52EE2632AE}
		{CC7B73C0-6080-421C-8C91-5F52E772C90B} = {2AB10B4D-DA46-4D6A-A30F-EE52EE2632AE}
		{5161A581-BF83-4071-8330-EAC1FB77AAF0} = {2AB10B4D-DA46-4D6A-A30F-EE52EE2632AE}
		{9BBA1578-9EDC-46BA-B895-DAB65D83C0F0} = {2AB10B4D-DA46-4D6A-A30F-EE52EE2632AE}
		{E06D4205-D7F8-44E7-A556-C5F08188F46E} = {F76AFAD2-F7DA-48B6-BAA1-EFE8AF99FA17}
		{1A768325-E365-4BFD-9E23-25348A4EF7F6} = {E06D4205-D7F8-44E7-A556-C5F08188F46E}
		{F0E2A344-A56E-48B5-99CB-F54744F1C3DD} = {1A768325-E365-4BFD-9E23-25348A4EF7F6}
		{8001D6D1-0CCC-4B88-BACD-EC75D9247ABE} = {2EA87E08-DD62-463C-9860-BF8B7B8A4122}
		{2E38DA0F-4A03-444C-9DE4-D148A4B07EDD} = {3595A323-AE03-4D5E-B061-ACA95E346800}
		{81240C98-9FC6-4E3F-A856-865FF5BC635C} = {5C704905-ABCB-467E-989B-70F11B6AF621}
	EndGlobalSection
	GlobalSection(ExtensibilityGlobals) = postSolution
		SolutionGuid = {6545C72E-7B60-45C6-A03A-1F5E78BA9FFE}
	EndGlobalSection
	GlobalSection(SharedMSBuildProjectFiles) = preSolution
		Tests\Triton.Tests.Shared\Triton.Tests.Shared.projitems*{0901c0a9-c8ab-4e54-94a0-0daefb93dce1}*SharedItemsImports = 5
		Tests\Triton.Tests.Shared\Triton.Tests.Shared.projitems*{27e6a82a-3b24-4c3c-b020-cb3c43c98d43}*SharedItemsImports = 5
		Tests\Triton.Tests.Shared\Triton.Tests.Shared.projitems*{2e38da0f-4a03-444c-9de4-d148a4b07edd}*SharedItemsImports = 5
		Tests\Triton.Tests.Shared\Triton.Tests.Shared.projitems*{78090f4b-9e5d-42dd-bb86-527e237ce5b0}*SharedItemsImports = 5
		Tests\Triton.Tests.Shared\Triton.Tests.Shared.projitems*{78f4617e-af45-472c-b01f-eea5676bc21f}*SharedItemsImports = 5
		Tests\Triton.Tests.Shared\Triton.Tests.Shared.projitems*{7f412054-c343-4ece-a450-329e20770ec4}*SharedItemsImports = 5
		Tests\Triton.Tests.Shared\Triton.Tests.Shared.projitems*{8ecfeedf-ce5b-4aba-b72f-99eb3652f908}*SharedItemsImports = 13
		Tests\Triton.Tests.Shared\Triton.Tests.Shared.projitems*{9bba1578-9edc-46ba-b895-dab65d83c0f0}*SharedItemsImports = 5
		Tests\Triton.Tests.Shared\Triton.Tests.Shared.projitems*{cc7b73c0-6080-421c-8c91-5f52e772c90b}*SharedItemsImports = 5
	EndGlobalSection
EndGlobal
